
Microsoft Visual Studio Solution File, Format Version 12.00
# Visual Studio 2012
Project("{FAE04EC0-301F-11D3-BF4B-00C04F79EFBC}") = "make_dirs", "make_dirs\make_dirs.csproj", "{436DE78D-41B1-4BCA-BCAA-4ECDAC9D51A3}"
EndProject
Project("{FAE04EC0-301F-11D3-BF4B-00C04F79EFBC}") = "dir2xml", "dir2xml\dir2xml.csproj", "{8C228F26-E2A1-43C4-ABCC-3FDB6698BA56}"
EndProject
Project("{FAE04EC0-301F-11D3-BF4B-00C04F79EFBC}") = "RenameRandom", "RenameRandom\RenameRandom.csproj", "{1C9A033E-E9C4-4172-9C60-6F7A83D43B9B}"
EndProject
Project("{FAE04EC0-301F-11D3-BF4B-00C04F79EFBC}") = "killProcess", "killProcess\killProcess.csproj", "{8F4E7045-B2F7-414D-BB23-1E0FE9263460}"
EndProject
Project("{FAE04EC0-301F-11D3-BF4B-00C04F79EFBC}") = "FileNameEdit", "FileNameEdit\FileNameEdit.csproj", "{08B0A251-85DC-484A-A61A-D25A82C597CC}"
EndProject
Global
	GlobalSection(SolutionConfigurationPlatforms) = preSolution
		Debug|Any CPU = Debug|Any CPU
		Release|Any CPU = Release|Any CPU
	EndGlobalSection
	GlobalSection(ProjectConfigurationPlatforms) = postSolution
		{436DE78D-41B1-4BCA-BCAA-4ECDAC9D51A3}.Debug|Any CPU.ActiveCfg = Debug|Any CPU
		{436DE78D-41B1-4BCA-BCAA-4ECDAC9D51A3}.Debug|Any CPU.Build.0 = Debug|Any CPU
		{436DE78D-41B1-4BCA-BCAA-4ECDAC9D51A3}.Release|Any CPU.ActiveCfg = Release|Any CPU
		{436DE78D-41B1-4BCA-BCAA-4ECDAC9D51A3}.Release|Any CPU.Build.0 = Release|Any CPU
		{8C228F26-E2A1-43C4-ABCC-3FDB6698BA56}.Debug|Any CPU.ActiveCfg = Debug|Any CPU
		{8C228F26-E2A1-43C4-ABCC-3FDB6698BA56}.Debug|Any CPU.Build.0 = Debug|Any CPU
		{8C228F26-E2A1-43C4-ABCC-3FDB6698BA56}.Release|Any CPU.ActiveCfg = Release|Any CPU
		{8C228F26-E2A1-43C4-ABCC-3FDB6698BA56}.Release|Any CPU.Build.0 = Release|Any CPU
		{1C9A033E-E9C4-4172-9C60-6F7A83D43B9B}.Debug|Any CPU.ActiveCfg = Debug|Any CPU
		{1C9A033E-E9C4-4172-9C60-6F7A83D43B9B}.Debug|Any CPU.Build.0 = Debug|Any CPU
		{1C9A033E-E9C4-4172-9C60-6F7A83D43B9B}.Release|Any CPU.ActiveCfg = Release|Any CPU
		{1C9A033E-E9C4-4172-9C60-6F7A83D43B9B}.Release|Any CPU.Build.0 = Release|Any CPU
		{8F4E7045-B2F7-414D-BB23-1E0FE9263460}.Debug|Any CPU.ActiveCfg = Debug|Any CPU
		{8F4E7045-B2F7-414D-BB23-1E0FE9263460}.Debug|Any CPU.Build.0 = Debug|Any CPU
		{8F4E7045-B2F7-414D-BB23-1E0FE9263460}.Release|Any CPU.ActiveCfg = Release|Any CPU
		{8F4E7045-B2F7-414D-BB23-1E0FE9263460}.Release|Any CPU.Build.0 = Release|Any CPU
		{08B0A251-85DC-484A-A61A-D25A82C597CC}.Debug|Any CPU.ActiveCfg = Debug|Any CPU
		{08B0A251-85DC-484A-A61A-D25A82C597CC}.Debug|Any CPU.Build.0 = Debug|Any CPU
		{08B0A251-85DC-484A-A61A-D25A82C597CC}.Release|Any CPU.ActiveCfg = Release|Any CPU
		{08B0A251-85DC-484A-A61A-D25A82C597CC}.Release|Any CPU.Build.0 = Release|Any CPU
	EndGlobalSection
	GlobalSection(SolutionProperties) = preSolution
		HideSolutionNode = FALSE
	EndGlobalSection
EndGlobal
