
Microsoft Visual Studio Solution File, Format Version 12.00
# Visual Studio 2012
Project("{FAE04EC0-301F-11D3-BF4B-00C04F79EFBC}") = "make_dirs", "make_dirs\make_dirs.csproj", "{436DE78D-41B1-4BCA-BCAA-4ECDAC9D51A3}"
EndProject
Project("{FAE04EC0-301F-11D3-BF4B-00C04F79EFBC}") = "dir2xml", "dir2xml\dir2xml.csproj", "{8C228F26-E2A1-43C4-ABCC-3FDB6698BA56}"
EndProject
Project("{FAE04EC0-301F-11D3-BF4B-00C04F79EFBC}") = "RenameRandom", "RenameRandom\RenameRandom.csproj", "{1C9A033E-E9C4-4172-9C60-6F7A83D43B9B}"
EndProject
Project("{FAE04EC0-301F-11D3-BF4B-00C04F79EFBC}") = "killProcess", "killProcess\killProcess.csproj", "{8F4E7045-B2F7-414D-BB23-1E0FE9263460}"
EndProject
Project("{FAE04EC0-301F-11D3-BF4B-00C04F79EFBC}") = "sort_to_dirs", "sort_to_dirs\sort_to_dirs.csproj", "{020A857F-C65B-41F5-80AB-6450B5F10CD8}"
EndProject
Project("{FAE04EC0-301F-11D3-BF4B-00C04F79EFBC}") = "move2dirOnBegin", "move2dirOnBegin\move2dirOnBegin.csproj", "{3BF0A19C-F175-46C5-BFF5-8ECB00ADD3A8}"
EndProject
Project("{FAE04EC0-301F-11D3-BF4B-00C04F79EFBC}") = "Taimer", "Taimer\Taimer.csproj", "{3245D367-6C93-4102-A94E-0E66E0B90CE0}"
EndProject
Project("{FAE04EC0-301F-11D3-BF4B-00C04F79EFBC}") = "Dir2ssp", "Dir2ssp\Dir2ssp.csproj", "{CE9BD7BF-D349-401A-879C-DFCEFDD98BEE}"
EndProject
Project("{FAE04EC0-301F-11D3-BF4B-00C04F79EFBC}") = "LinkBoard", "LinkBoard\LinkBoard.csproj", "{840E6581-F05E-4D04-85B1-E147BCD03D11}"
EndProject
Global
	GlobalSection(SolutionConfigurationPlatforms) = preSolution
		Debug|Any CPU = Debug|Any CPU
		Release|Any CPU = Release|Any CPU
	EndGlobalSection
	GlobalSection(ProjectConfigurationPlatforms) = postSolution
		{436DE78D-41B1-4BCA-BCAA-4ECDAC9D51A3}.Debug|Any CPU.ActiveCfg = Debug|Any CPU
		{436DE78D-41B1-4BCA-BCAA-4ECDAC9D51A3}.Debug|Any CPU.Build.0 = Debug|Any CPU
		{436DE78D-41B1-4BCA-BCAA-4ECDAC9D51A3}.Release|Any CPU.ActiveCfg = Release|Any CPU
		{436DE78D-41B1-4BCA-BCAA-4ECDAC9D51A3}.Release|Any CPU.Build.0 = Release|Any CPU
		{8C228F26-E2A1-43C4-ABCC-3FDB6698BA56}.Debug|Any CPU.ActiveCfg = Debug|Any CPU
		{8C228F26-E2A1-43C4-ABCC-3FDB6698BA56}.Debug|Any CPU.Build.0 = Debug|Any CPU
		{8C228F26-E2A1-43C4-ABCC-3FDB6698BA56}.Release|Any CPU.ActiveCfg = Release|Any CPU
		{8C228F26-E2A1-43C4-ABCC-3FDB6698BA56}.Release|Any CPU.Build.0 = Release|Any CPU
		{1C9A033E-E9C4-4172-9C60-6F7A83D43B9B}.Debug|Any CPU.ActiveCfg = Debug|Any CPU
		{1C9A033E-E9C4-4172-9C60-6F7A83D43B9B}.Debug|Any CPU.Build.0 = Debug|Any CPU
		{1C9A033E-E9C4-4172-9C60-6F7A83D43B9B}.Release|Any CPU.ActiveCfg = Release|Any CPU
		{1C9A033E-E9C4-4172-9C60-6F7A83D43B9B}.Release|Any CPU.Build.0 = Release|Any CPU
		{8F4E7045-B2F7-414D-BB23-1E0FE9263460}.Debug|Any CPU.ActiveCfg = Debug|Any CPU
		{8F4E7045-B2F7-414D-BB23-1E0FE9263460}.Debug|Any CPU.Build.0 = Debug|Any CPU
		{8F4E7045-B2F7-414D-BB23-1E0FE9263460}.Release|Any CPU.ActiveCfg = Release|Any CPU
		{8F4E7045-B2F7-414D-BB23-1E0FE9263460}.Release|Any CPU.Build.0 = Release|Any CPU
		{020A857F-C65B-41F5-80AB-6450B5F10CD8}.Debug|Any CPU.ActiveCfg = Debug|Any CPU
		{020A857F-C65B-41F5-80AB-6450B5F10CD8}.Debug|Any CPU.Build.0 = Debug|Any CPU
		{020A857F-C65B-41F5-80AB-6450B5F10CD8}.Release|Any CPU.ActiveCfg = Release|Any CPU
		{020A857F-C65B-41F5-80AB-6450B5F10CD8}.Release|Any CPU.Build.0 = Release|Any CPU
		{3BF0A19C-F175-46C5-BFF5-8ECB00ADD3A8}.Debug|Any CPU.ActiveCfg = Debug|Any CPU
		{3BF0A19C-F175-46C5-BFF5-8ECB00ADD3A8}.Debug|Any CPU.Build.0 = Debug|Any CPU
		{3BF0A19C-F175-46C5-BFF5-8ECB00ADD3A8}.Release|Any CPU.ActiveCfg = Release|Any CPU
		{3BF0A19C-F175-46C5-BFF5-8ECB00ADD3A8}.Release|Any CPU.Build.0 = Release|Any CPU
		{3245D367-6C93-4102-A94E-0E66E0B90CE0}.Debug|Any CPU.ActiveCfg = Debug|Any CPU
		{3245D367-6C93-4102-A94E-0E66E0B90CE0}.Debug|Any CPU.Build.0 = Debug|Any CPU
		{3245D367-6C93-4102-A94E-0E66E0B90CE0}.Release|Any CPU.ActiveCfg = Release|Any CPU
		{3245D367-6C93-4102-A94E-0E66E0B90CE0}.Release|Any CPU.Build.0 = Release|Any CPU
		{CE9BD7BF-D349-401A-879C-DFCEFDD98BEE}.Debug|Any CPU.ActiveCfg = Debug|Any CPU
		{CE9BD7BF-D349-401A-879C-DFCEFDD98BEE}.Debug|Any CPU.Build.0 = Debug|Any CPU
		{CE9BD7BF-D349-401A-879C-DFCEFDD98BEE}.Release|Any CPU.ActiveCfg = Release|Any CPU
		{CE9BD7BF-D349-401A-879C-DFCEFDD98BEE}.Release|Any CPU.Build.0 = Release|Any CPU
		{840E6581-F05E-4D04-85B1-E147BCD03D11}.Debug|Any CPU.ActiveCfg = Debug|Any CPU
		{840E6581-F05E-4D04-85B1-E147BCD03D11}.Debug|Any CPU.Build.0 = Debug|Any CPU
		{840E6581-F05E-4D04-85B1-E147BCD03D11}.Release|Any CPU.ActiveCfg = Release|Any CPU
		{840E6581-F05E-4D04-85B1-E147BCD03D11}.Release|Any CPU.Build.0 = Release|Any CPU
	EndGlobalSection
	GlobalSection(SolutionProperties) = preSolution
		HideSolutionNode = FALSE
	EndGlobalSection
EndGlobal
